{
  "name": "timetabling-ga",
  "version": "1.0.0",
  "lockfileVersion": 1,
  "requires": true,
  "dependencies": {
    "node-in-parallel": {
      "version": "1.0.3",
      "resolved": "https://registry.npmjs.org/node-in-parallel/-/node-in-parallel-1.0.3.tgz",
      "integrity": "sha1-dllBVaKQKm0hZrbKWgi8yp1u3+I="
    },
    "shuffle-array": {
      "version": "1.0.1",
      "resolved": "https://registry.npmjs.org/shuffle-array/-/shuffle-array-1.0.1.tgz",
      "integrity": "sha1-xP88/nTRb5NzBZIwGyXmV3sSiYs="
    }
  }
}
